
Microsoft Visual Studio Solution File, Format Version 12.00
# Visual Studio Version 17
VisualStudioVersion = 17.14.36221.1 d17.14
MinimumVisualStudioVersion = 10.0.40219.1
Project("{FAE04EC0-301F-11D3-BF4B-00C04F79EFBC}") = "SimpleClass", "SimpleClass\SimpleClass.csproj", "{3222347F-9280-4AF2-9A3C-A8E3555E5BE2}"
EndProject
Global
	GlobalSection(SolutionConfigurationPlatforms) = preSolution
		Debug|Any CPU = Debug|Any CPU
		Release|Any CPU = Release|Any CPU
	EndGlobalSection
	GlobalSection(ProjectConfigurationPlatforms) = postSolution
		{3222347F-9280-4AF2-9A3C-A8E3555E5BE2}.Debug|Any CPU.ActiveCfg = Debug|Any CPU
		{3222347F-9280-4AF2-9A3C-A8E3555E5BE2}.Debug|Any CPU.Build.0 = Debug|Any CPU
		{3222347F-9280-4AF2-9A3C-A8E3555E5BE2}.Release|Any CPU.ActiveCfg = Release|Any CPU
		{3222347F-9280-4AF2-9A3C-A8E3555E5BE2}.Release|Any CPU.Build.0 = Release|Any CPU
	EndGlobalSection
	GlobalSection(SolutionProperties) = preSolution
		HideSolutionNode = FALSE
	EndGlobalSection
	GlobalSection(ExtensibilityGlobals) = postSolution
		SolutionGuid = {2EF64EF8-A702-45DE-91AF-C1A74D7BE5DD}
	EndGlobalSection
EndGlobal
