
Microsoft Visual Studio Solution File, Format Version 12.00
# Visual Studio Version 17
VisualStudioVersion = 17.14.36221.1 d17.14
MinimumVisualStudioVersion = 10.0.40219.1
Project("{FAE04EC0-301F-11D3-BF4B-00C04F79EFBC}") = "EventDrivenProgramming", "EventDrivenProgramming\EventDrivenProgramming.csproj", "{3890B4B7-DA97-443E-AA20-508E73B2877D}"
EndProject
Global
	GlobalSection(SolutionConfigurationPlatforms) = preSolution
		Debug|Any CPU = Debug|Any CPU
		Release|Any CPU = Release|Any CPU
	EndGlobalSection
	GlobalSection(ProjectConfigurationPlatforms) = postSolution
		{3890B4B7-DA97-443E-AA20-508E73B2877D}.Debug|Any CPU.ActiveCfg = Debug|Any CPU
		{3890B4B7-DA97-443E-AA20-508E73B2877D}.Debug|Any CPU.Build.0 = Debug|Any CPU
		{3890B4B7-DA97-443E-AA20-508E73B2877D}.Release|Any CPU.ActiveCfg = Release|Any CPU
		{3890B4B7-DA97-443E-AA20-508E73B2877D}.Release|Any CPU.Build.0 = Release|Any CPU
	EndGlobalSection
	GlobalSection(SolutionProperties) = preSolution
		HideSolutionNode = FALSE
	EndGlobalSection
	GlobalSection(ExtensibilityGlobals) = postSolution
		SolutionGuid = {E5827F5A-B2D0-4E41-BAF3-6BE27D55980C}
	EndGlobalSection
EndGlobal
