
Microsoft Visual Studio Solution File, Format Version 12.00
# Visual Studio Version 17
VisualStudioVersion = 17.14.36221.1 d17.14
MinimumVisualStudioVersion = 10.0.40219.1
Project("{FAE04EC0-301F-11D3-BF4B-00C04F79EFBC}") = "Decisions", "Decisions\Decisions.csproj", "{68FDD227-70D7-48D8-AD42-CA0EDB8B8806}"
EndProject
Global
	GlobalSection(SolutionConfigurationPlatforms) = preSolution
		Debug|Any CPU = Debug|Any CPU
		Release|Any CPU = Release|Any CPU
	EndGlobalSection
	GlobalSection(ProjectConfigurationPlatforms) = postSolution
		{68FDD227-70D7-48D8-AD42-CA0EDB8B8806}.Debug|Any CPU.ActiveCfg = Debug|Any CPU
		{68FDD227-70D7-48D8-AD42-CA0EDB8B8806}.Debug|Any CPU.Build.0 = Debug|Any CPU
		{68FDD227-70D7-48D8-AD42-CA0EDB8B8806}.Release|Any CPU.ActiveCfg = Release|Any CPU
		{68FDD227-70D7-48D8-AD42-CA0EDB8B8806}.Release|Any CPU.Build.0 = Release|Any CPU
	EndGlobalSection
	GlobalSection(SolutionProperties) = preSolution
		HideSolutionNode = FALSE
	EndGlobalSection
	GlobalSection(ExtensibilityGlobals) = postSolution
		SolutionGuid = {EEE1A442-A256-41A5-8723-D50F6F22A320}
	EndGlobalSection
EndGlobal
